// !$*UTF8*$!
{
	archiveVersion = 1;
	classes = {
	};
	objectVersion = 46;
	objects = {

/* Begin PBXBuildFile section */
		2805803519B6562500F80190 /* MindMeldSDK.framework in Frameworks */ = {isa = PBXBuildFile; fileRef = 2805803419B6562500F80190 /* MindMeldSDK.framework */; };
		2805803919B6567300F80190 /* FLAC.framework in Frameworks */ = {isa = PBXBuildFile; fileRef = 2805803719B6567300F80190 /* FLAC.framework */; };
		2805803A19B6567300F80190 /* Ogg.framework in Frameworks */ = {isa = PBXBuildFile; fileRef = 2805803819B6567300F80190 /* Ogg.framework */; };
		4320000218BF9DA000C57983 /* MMBrowserAppDelegate.m in Sources */ = {isa = PBXBuildFile; fileRef = 4320000118BF9DA000C57983 /* MMBrowserAppDelegate.m */; };
		4320000418BF9DA000C57983 /* Images.xcassets in Resources */ = {isa = PBXBuildFile; fileRef = 4320000318BF9DA000C57983 /* Images.xcassets */; };
		4320002418BF9EE000C57983 /* MMBrowserViewController.m in Sources */ = {isa = PBXBuildFile; fileRef = 4320002318BF9EE000C57983 /* MMBrowserViewController.m */; };
		4320002718BF9F6F00C57983 /* MMBrowserView.m in Sources */ = {isa = PBXBuildFile; fileRef = 4320002618BF9F6F00C57983 /* MMBrowserView.m */; };
		4320002A18BF9FC400C57983 /* MMBrowserScrollView.m in Sources */ = {isa = PBXBuildFile; fileRef = 4320002918BF9FC400C57983 /* MMBrowserScrollView.m */; };
		4320002D18BF9FD500C57983 /* MMBrowser.m in Sources */ = {isa = PBXBuildFile; fileRef = 4320002C18BF9FD500C57983 /* MMBrowser.m */; };
		4320003918BFDD6C00C57983 /* libicucore.dylib in Frameworks */ = {isa = PBXBuildFile; fileRef = 4320003818BFDD6C00C57983 /* libicucore.dylib */; };
		4320003B18BFDD7200C57983 /* Security.framework in Frameworks */ = {isa = PBXBuildFile; fileRef = 4320003A18BFDD7200C57983 /* Security.framework */; };
		4320003D18BFDD7B00C57983 /* CFNetwork.framework in Frameworks */ = {isa = PBXBuildFile; fileRef = 4320003C18BFDD7B00C57983 /* CFNetwork.framework */; };
		4320004818BFDDEC00C57983 /* blueButton.png in Resources */ = {isa = PBXBuildFile; fileRef = 4320004018BFDDEC00C57983 /* blueButton.png */; };
		4320004918BFDDEC00C57983 /* blueButton@2x.png in Resources */ = {isa = PBXBuildFile; fileRef = 4320004118BFDDEC00C57983 /* blueButton@2x.png */; };
		4320004A18BFDDEC00C57983 /* blueButtonHighlight.png in Resources */ = {isa = PBXBuildFile; fileRef = 4320004218BFDDEC00C57983 /* blueButtonHighlight.png */; };
		4320004B18BFDDEC00C57983 /* blueButtonHighlight@2x.png in Resources */ = {isa = PBXBuildFile; fileRef = 4320004318BFDDEC00C57983 /* blueButtonHighlight@2x.png */; };
		4320004C18BFDDEC00C57983 /* greyButton.png in Resources */ = {isa = PBXBuildFile; fileRef = 4320004418BFDDEC00C57983 /* greyButton.png */; };
		4320004D18BFDDEC00C57983 /* greyButton@2x.png in Resources */ = {isa = PBXBuildFile; fileRef = 4320004518BFDDEC00C57983 /* greyButton@2x.png */; };
		4320004E18BFDDEC00C57983 /* greyButtonHighlight.png in Resources */ = {isa = PBXBuildFile; fileRef = 4320004618BFDDEC00C57983 /* greyButtonHighlight.png */; };
		4320004F18BFDDEC00C57983 /* greyButtonHighlight@2x.png in Resources */ = {isa = PBXBuildFile; fileRef = 4320004718BFDDEC00C57983 /* greyButtonHighlight@2x.png */; };
		4320005618BFE2FC00C57983 /* MMEntitiesScrollView.m in Sources */ = {isa = PBXBuildFile; fileRef = 4320005118BFE2FC00C57983 /* MMEntitiesScrollView.m */; };
		4320005718BFE2FC00C57983 /* MMEntitiesView.m in Sources */ = {isa = PBXBuildFile; fileRef = 4320005318BFE2FC00C57983 /* MMEntitiesView.m */; };
		4320FFF218BF9DA000C57983 /* Foundation.framework in Frameworks */ = {isa = PBXBuildFile; fileRef = 4320FFF118BF9DA000C57983 /* Foundation.framework */; };
		4320FFF418BF9DA000C57983 /* CoreGraphics.framework in Frameworks */ = {isa = PBXBuildFile; fileRef = 4320FFF318BF9DA000C57983 /* CoreGraphics.framework */; };
		4320FFF618BF9DA000C57983 /* UIKit.framework in Frameworks */ = {isa = PBXBuildFile; fileRef = 4320FFF518BF9DA000C57983 /* UIKit.framework */; };
		4320FFFC18BF9DA000C57983 /* InfoPlist.strings in Resources */ = {isa = PBXBuildFile; fileRef = 4320FFFA18BF9DA000C57983 /* InfoPlist.strings */; };
		4320FFFE18BF9DA000C57983 /* main.m in Sources */ = {isa = PBXBuildFile; fileRef = 4320FFFD18BF9DA000C57983 /* main.m */; };
		436F7BBC18D36A04002432D6 /* MMEntityView.m in Sources */ = {isa = PBXBuildFile; fileRef = 436F7BBB18D36A04002432D6 /* MMEntityView.m */; };
/* End PBXBuildFile section */

/* Begin PBXFileReference section */
		2805803419B6562500F80190 /* MindMeldSDK.framework */ = {isa = PBXFileReference; lastKnownFileType = wrapper.framework; name = MindMeldSDK.framework; path = ../..//MindMeldSDK.framework; sourceTree = "<group>"; };
		2805803719B6567300F80190 /* FLAC.framework */ = {isa = PBXFileReference; lastKnownFileType = wrapper.framework; path = FLAC.framework; sourceTree = "<group>"; };
		2805803819B6567300F80190 /* Ogg.framework */ = {isa = PBXFileReference; lastKnownFileType = wrapper.framework; path = Ogg.framework; sourceTree = "<group>"; };
		282C062118D7B74B0057B912 /* MMConstants.h */ = {isa = PBXFileReference; fileEncoding = 4; lastKnownFileType = sourcecode.c.h; name = MMConstants.h; path = ../MMConstants.h; sourceTree = "<group>"; };
		4320000018BF9DA000C57983 /* MMBrowserAppDelegate.h */ = {isa = PBXFileReference; lastKnownFileType = sourcecode.c.h; path = MMBrowserAppDelegate.h; sourceTree = "<group>"; };
		4320000118BF9DA000C57983 /* MMBrowserAppDelegate.m */ = {isa = PBXFileReference; lastKnownFileType = sourcecode.c.objc; path = MMBrowserAppDelegate.m; sourceTree = "<group>"; };
		4320000318BF9DA000C57983 /* Images.xcassets */ = {isa = PBXFileReference; lastKnownFileType = folder.assetcatalog; path = Images.xcassets; sourceTree = "<group>"; };
		4320000A18BF9DA000C57983 /* XCTest.framework */ = {isa = PBXFileReference; lastKnownFileType = wrapper.framework; name = XCTest.framework; path = Library/Frameworks/XCTest.framework; sourceTree = DEVELOPER_DIR; };
		4320002218BF9EE000C57983 /* MMBrowserViewController.h */ = {isa = PBXFileReference; fileEncoding = 4; lastKnownFileType = sourcecode.c.h; path = MMBrowserViewController.h; sourceTree = "<group>"; };
		4320002318BF9EE000C57983 /* MMBrowserViewController.m */ = {isa = PBXFileReference; fileEncoding = 4; lastKnownFileType = sourcecode.c.objc; path = MMBrowserViewController.m; sourceTree = "<group>"; };
		4320002518BF9F6F00C57983 /* MMBrowserView.h */ = {isa = PBXFileReference; fileEncoding = 4; lastKnownFileType = sourcecode.c.h; path = MMBrowserView.h; sourceTree = "<group>"; };
		4320002618BF9F6F00C57983 /* MMBrowserView.m */ = {isa = PBXFileReference; fileEncoding = 4; lastKnownFileType = sourcecode.c.objc; path = MMBrowserView.m; sourceTree = "<group>"; };
		4320002818BF9FC400C57983 /* MMBrowserScrollView.h */ = {isa = PBXFileReference; fileEncoding = 4; lastKnownFileType = sourcecode.c.h; path = MMBrowserScrollView.h; sourceTree = "<group>"; };
		4320002918BF9FC400C57983 /* MMBrowserScrollView.m */ = {isa = PBXFileReference; fileEncoding = 4; lastKnownFileType = sourcecode.c.objc; path = MMBrowserScrollView.m; sourceTree = "<group>"; };
		4320002B18BF9FD500C57983 /* MMBrowser.h */ = {isa = PBXFileReference; fileEncoding = 4; lastKnownFileType = sourcecode.c.h; path = MMBrowser.h; sourceTree = "<group>"; };
		4320002C18BF9FD500C57983 /* MMBrowser.m */ = {isa = PBXFileReference; fileEncoding = 4; lastKnownFileType = sourcecode.c.objc; path = MMBrowser.m; sourceTree = "<group>"; };
		4320003818BFDD6C00C57983 /* libicucore.dylib */ = {isa = PBXFileReference; lastKnownFileType = "compiled.mach-o.dylib"; name = libicucore.dylib; path = usr/lib/libicucore.dylib; sourceTree = SDKROOT; };
		4320003A18BFDD7200C57983 /* Security.framework */ = {isa = PBXFileReference; lastKnownFileType = wrapper.framework; name = Security.framework; path = System/Library/Frameworks/Security.framework; sourceTree = SDKROOT; };
		4320003C18BFDD7B00C57983 /* CFNetwork.framework */ = {isa = PBXFileReference; lastKnownFileType = wrapper.framework; name = CFNetwork.framework; path = System/Library/Frameworks/CFNetwork.framework; sourceTree = SDKROOT; };
		4320004018BFDDEC00C57983 /* blueButton.png */ = {isa = PBXFileReference; lastKnownFileType = image.png; path = blueButton.png; sourceTree = "<group>"; };
		4320004118BFDDEC00C57983 /* blueButton@2x.png */ = {isa = PBXFileReference; lastKnownFileType = image.png; path = "blueButton@2x.png"; sourceTree = "<group>"; };
		4320004218BFDDEC00C57983 /* blueButtonHighlight.png */ = {isa = PBXFileReference; lastKnownFileType = image.png; path = blueButtonHighlight.png; sourceTree = "<group>"; };
		4320004318BFDDEC00C57983 /* blueButtonHighlight@2x.png */ = {isa = PBXFileReference; lastKnownFileType = image.png; path = "blueButtonHighlight@2x.png"; sourceTree = "<group>"; };
		4320004418BFDDEC00C57983 /* greyButton.png */ = {isa = PBXFileReference; lastKnownFileType = image.png; path = greyButton.png; sourceTree = "<group>"; };
		4320004518BFDDEC00C57983 /* greyButton@2x.png */ = {isa = PBXFileReference; lastKnownFileType = image.png; path = "greyButton@2x.png"; sourceTree = "<group>"; };
		4320004618BFDDEC00C57983 /* greyButtonHighlight.png */ = {isa = PBXFileReference; lastKnownFileType = image.png; path = greyButtonHighlight.png; sourceTree = "<group>"; };
		4320004718BFDDEC00C57983 /* greyButtonHighlight@2x.png */ = {isa = PBXFileReference; lastKnownFileType = image.png; path = "greyButtonHighlight@2x.png"; sourceTree = "<group>"; };
		4320005018BFE2FC00C57983 /* MMEntitiesScrollView.h */ = {isa = PBXFileReference; fileEncoding = 4; lastKnownFileType = sourcecode.c.h; path = MMEntitiesScrollView.h; sourceTree = "<group>"; };
		4320005118BFE2FC00C57983 /* MMEntitiesScrollView.m */ = {isa = PBXFileReference; fileEncoding = 4; lastKnownFileType = sourcecode.c.objc; path = MMEntitiesScrollView.m; sourceTree = "<group>"; };
		4320005218BFE2FC00C57983 /* MMEntitiesView.h */ = {isa = PBXFileReference; fileEncoding = 4; lastKnownFileType = sourcecode.c.h; path = MMEntitiesView.h; sourceTree = "<group>"; };
		4320005318BFE2FC00C57983 /* MMEntitiesView.m */ = {isa = PBXFileReference; fileEncoding = 4; lastKnownFileType = sourcecode.c.objc; path = MMEntitiesView.m; sourceTree = "<group>"; };
		4320FFEE18BF9DA000C57983 /* MindMeldBrowser.app */ = {isa = PBXFileReference; explicitFileType = wrapper.application; includeInIndex = 0; path = MindMeldBrowser.app; sourceTree = BUILT_PRODUCTS_DIR; };
		4320FFF118BF9DA000C57983 /* Foundation.framework */ = {isa = PBXFileReference; lastKnownFileType = wrapper.framework; name = Foundation.framework; path = System/Library/Frameworks/Foundation.framework; sourceTree = SDKROOT; };
		4320FFF318BF9DA000C57983 /* CoreGraphics.framework */ = {isa = PBXFileReference; lastKnownFileType = wrapper.framework; name = CoreGraphics.framework; path = System/Library/Frameworks/CoreGraphics.framework; sourceTree = SDKROOT; };
		4320FFF518BF9DA000C57983 /* UIKit.framework */ = {isa = PBXFileReference; lastKnownFileType = wrapper.framework; name = UIKit.framework; path = System/Library/Frameworks/UIKit.framework; sourceTree = SDKROOT; };
		4320FFF918BF9DA000C57983 /* MindMeldBrowser-Info.plist */ = {isa = PBXFileReference; lastKnownFileType = text.plist.xml; path = "MindMeldBrowser-Info.plist"; sourceTree = "<group>"; };
		4320FFFB18BF9DA000C57983 /* en */ = {isa = PBXFileReference; lastKnownFileType = text.plist.strings; name = en; path = en.lproj/InfoPlist.strings; sourceTree = "<group>"; };
		4320FFFD18BF9DA000C57983 /* main.m */ = {isa = PBXFileReference; lastKnownFileType = sourcecode.c.objc; path = main.m; sourceTree = "<group>"; };
		4320FFFF18BF9DA000C57983 /* MindMeldBrowser-Prefix.pch */ = {isa = PBXFileReference; lastKnownFileType = sourcecode.c.h; path = "MindMeldBrowser-Prefix.pch"; sourceTree = "<group>"; };
		436F7BBA18D36A04002432D6 /* MMEntityView.h */ = {isa = PBXFileReference; fileEncoding = 4; lastKnownFileType = sourcecode.c.h; path = MMEntityView.h; sourceTree = "<group>"; };
		436F7BBB18D36A04002432D6 /* MMEntityView.m */ = {isa = PBXFileReference; fileEncoding = 4; lastKnownFileType = sourcecode.c.objc; path = MMEntityView.m; sourceTree = "<group>"; };
/* End PBXFileReference section */

/* Begin PBXFrameworksBuildPhase section */
		4320FFEB18BF9DA000C57983 /* Frameworks */ = {
			isa = PBXFrameworksBuildPhase;
			buildActionMask = 2147483647;
			files = (
				2805803919B6567300F80190 /* FLAC.framework in Frameworks */,
				4320003D18BFDD7B00C57983 /* CFNetwork.framework in Frameworks */,
				4320003B18BFDD7200C57983 /* Security.framework in Frameworks */,
				2805803A19B6567300F80190 /* Ogg.framework in Frameworks */,
				4320003918BFDD6C00C57983 /* libicucore.dylib in Frameworks */,
				4320FFF418BF9DA000C57983 /* CoreGraphics.framework in Frameworks */,
				2805803519B6562500F80190 /* MindMeldSDK.framework in Frameworks */,
				4320FFF618BF9DA000C57983 /* UIKit.framework in Frameworks */,
				4320FFF218BF9DA000C57983 /* Foundation.framework in Frameworks */,
			);
			runOnlyForDeploymentPostprocessing = 0;
		};
/* End PBXFrameworksBuildPhase section */

/* Begin PBXGroup section */
		2805803619B6567300F80190 /* Vendor */ = {
			isa = PBXGroup;
			children = (
				2805803719B6567300F80190 /* FLAC.framework */,
				2805803819B6567300F80190 /* Ogg.framework */,
			);
			name = Vendor;
			path = ../../vendor;
			sourceTree = "<group>";
		};
		4320002018BF9EB900C57983 /* Controllers */ = {
			isa = PBXGroup;
			children = (
				4320002218BF9EE000C57983 /* MMBrowserViewController.h */,
				4320002318BF9EE000C57983 /* MMBrowserViewController.m */,
			);
			name = Controllers;
			path = Classes;
			sourceTree = "<group>";
		};
		4320002118BF9EB900C57983 /* Views */ = {
			isa = PBXGroup;
			children = (
				436F7BBA18D36A04002432D6 /* MMEntityView.h */,
				436F7BBB18D36A04002432D6 /* MMEntityView.m */,
				4320005018BFE2FC00C57983 /* MMEntitiesScrollView.h */,
				4320005118BFE2FC00C57983 /* MMEntitiesScrollView.m */,
				4320005218BFE2FC00C57983 /* MMEntitiesView.h */,
				4320005318BFE2FC00C57983 /* MMEntitiesView.m */,
				4320002518BF9F6F00C57983 /* MMBrowserView.h */,
				4320002618BF9F6F00C57983 /* MMBrowserView.m */,
				4320002818BF9FC400C57983 /* MMBrowserScrollView.h */,
				4320002918BF9FC400C57983 /* MMBrowserScrollView.m */,
				4320002B18BF9FD500C57983 /* MMBrowser.h */,
				4320002C18BF9FD500C57983 /* MMBrowser.m */,
			);
			path = Views;
			sourceTree = "<group>";
		};
		4320003E18BFDDEC00C57983 /* Resources */ = {
			isa = PBXGroup;
			children = (
				4320003F18BFDDEC00C57983 /* Images */,
			);
			path = Resources;
			sourceTree = "<group>";
		};
		4320003F18BFDDEC00C57983 /* Images */ = {
			isa = PBXGroup;
			children = (
				4320004018BFDDEC00C57983 /* blueButton.png */,
				4320004118BFDDEC00C57983 /* blueButton@2x.png */,
				4320004218BFDDEC00C57983 /* blueButtonHighlight.png */,
				4320004318BFDDEC00C57983 /* blueButtonHighlight@2x.png */,
				4320004418BFDDEC00C57983 /* greyButton.png */,
				4320004518BFDDEC00C57983 /* greyButton@2x.png */,
				4320004618BFDDEC00C57983 /* greyButtonHighlight.png */,
				4320004718BFDDEC00C57983 /* greyButtonHighlight@2x.png */,
			);
			path = Images;
			sourceTree = "<group>";
		};
		4320FFE518BF9DA000C57983 = {
			isa = PBXGroup;
			children = (
				282C062118D7B74B0057B912 /* MMConstants.h */,
				2805803419B6562500F80190 /* MindMeldSDK.framework */,
				2805803619B6567300F80190 /* Vendor */,
				4320FFF718BF9DA000C57983 /* MindMeldBrowser */,
				4320FFF018BF9DA000C57983 /* Frameworks */,
				4320FFEF18BF9DA000C57983 /* Products */,
			);
			sourceTree = "<group>";
		};
		4320FFEF18BF9DA000C57983 /* Products */ = {
			isa = PBXGroup;
			children = (
				4320FFEE18BF9DA000C57983 /* MindMeldBrowser.app */,
			);
			name = Products;
			sourceTree = "<group>";
		};
		4320FFF018BF9DA000C57983 /* Frameworks */ = {
			isa = PBXGroup;
			children = (
				4320003C18BFDD7B00C57983 /* CFNetwork.framework */,
				4320003A18BFDD7200C57983 /* Security.framework */,
				4320003818BFDD6C00C57983 /* libicucore.dylib */,
				4320FFF118BF9DA000C57983 /* Foundation.framework */,
				4320FFF318BF9DA000C57983 /* CoreGraphics.framework */,
				4320FFF518BF9DA000C57983 /* UIKit.framework */,
				4320000A18BF9DA000C57983 /* XCTest.framework */,
			);
			name = Frameworks;
			sourceTree = "<group>";
		};
		4320FFF718BF9DA000C57983 /* MindMeldBrowser */ = {
			isa = PBXGroup;
			children = (
				4320003E18BFDDEC00C57983 /* Resources */,
				4320002018BF9EB900C57983 /* Controllers */,
				4320002118BF9EB900C57983 /* Views */,
				4320000018BF9DA000C57983 /* MMBrowserAppDelegate.h */,
				4320000118BF9DA000C57983 /* MMBrowserAppDelegate.m */,
				4320000318BF9DA000C57983 /* Images.xcassets */,
				4320FFF818BF9DA000C57983 /* Supporting Files */,
			);
			path = MindMeldBrowser;
			sourceTree = "<group>";
		};
		4320FFF818BF9DA000C57983 /* Supporting Files */ = {
			isa = PBXGroup;
			children = (
				4320FFF918BF9DA000C57983 /* MindMeldBrowser-Info.plist */,
				4320FFFA18BF9DA000C57983 /* InfoPlist.strings */,
				4320FFFD18BF9DA000C57983 /* main.m */,
				4320FFFF18BF9DA000C57983 /* MindMeldBrowser-Prefix.pch */,
			);
			name = "Supporting Files";
			sourceTree = "<group>";
		};
/* End PBXGroup section */

/* Begin PBXNativeTarget section */
		4320FFED18BF9DA000C57983 /* MindMeldBrowser */ = {
			isa = PBXNativeTarget;
			buildConfigurationList = 4320001A18BF9DA000C57983 /* Build configuration list for PBXNativeTarget "MindMeldBrowser" */;
			buildPhases = (
				4320FFEA18BF9DA000C57983 /* Sources */,
				4320FFEB18BF9DA000C57983 /* Frameworks */,
				4320FFEC18BF9DA000C57983 /* Resources */,
			);
			buildRules = (
			);
			dependencies = (
			);
			name = MindMeldBrowser;
			productName = "MindMeld Browser";
			productReference = 4320FFEE18BF9DA000C57983 /* MindMeldBrowser.app */;
			productType = "com.apple.product-type.application";
		};
/* End PBXNativeTarget section */

/* Begin PBXProject section */
		4320FFE618BF9DA000C57983 /* Project object */ = {
			isa = PBXProject;
			attributes = {
				LastUpgradeCheck = 0610;
				ORGANIZATIONNAME = "Regio Systems";
			};
			buildConfigurationList = 4320FFE918BF9DA000C57983 /* Build configuration list for PBXProject "MindMeldBrowser" */;
			compatibilityVersion = "Xcode 3.2";
			developmentRegion = English;
			hasScannedForEncodings = 0;
			knownRegions = (
				en,
			);
			mainGroup = 4320FFE518BF9DA000C57983;
			productRefGroup = 4320FFEF18BF9DA000C57983 /* Products */;
			projectDirPath = "";
			projectRoot = "";
			targets = (
				4320FFED18BF9DA000C57983 /* MindMeldBrowser */,
			);
		};
/* End PBXProject section */

/* Begin PBXResourcesBuildPhase section */
		4320FFEC18BF9DA000C57983 /* Resources */ = {
			isa = PBXResourcesBuildPhase;
			buildActionMask = 2147483647;
			files = (
				4320004818BFDDEC00C57983 /* blueButton.png in Resources */,
				4320004D18BFDDEC00C57983 /* greyButton@2x.png in Resources */,
				4320004E18BFDDEC00C57983 /* greyButtonHighlight.png in Resources */,
				4320004C18BFDDEC00C57983 /* greyButton.png in Resources */,
				4320FFFC18BF9DA000C57983 /* InfoPlist.strings in Resources */,
				4320004A18BFDDEC00C57983 /* blueButtonHighlight.png in Resources */,
				4320004F18BFDDEC00C57983 /* greyButtonHighlight@2x.png in Resources */,
				4320004918BFDDEC00C57983 /* blueButton@2x.png in Resources */,
				4320000418BF9DA000C57983 /* Images.xcassets in Resources */,
				4320004B18BFDDEC00C57983 /* blueButtonHighlight@2x.png in Resources */,
			);
			runOnlyForDeploymentPostprocessing = 0;
		};
/* End PBXResourcesBuildPhase section */

/* Begin PBXSourcesBuildPhase section */
		4320FFEA18BF9DA000C57983 /* Sources */ = {
			isa = PBXSourcesBuildPhase;
			buildActionMask = 2147483647;
			files = (
				4320002D18BF9FD500C57983 /* MMBrowser.m in Sources */,
				436F7BBC18D36A04002432D6 /* MMEntityView.m in Sources */,
				4320005618BFE2FC00C57983 /* MMEntitiesScrollView.m in Sources */,
				4320002418BF9EE000C57983 /* MMBrowserViewController.m in Sources */,
				4320005718BFE2FC00C57983 /* MMEntitiesView.m in Sources */,
				4320000218BF9DA000C57983 /* MMBrowserAppDelegate.m in Sources */,
				4320FFFE18BF9DA000C57983 /* main.m in Sources */,
				4320002A18BF9FC400C57983 /* MMBrowserScrollView.m in Sources */,
				4320002718BF9F6F00C57983 /* MMBrowserView.m in Sources */,
			);
			runOnlyForDeploymentPostprocessing = 0;
		};
/* End PBXSourcesBuildPhase section */

/* Begin PBXVariantGroup section */
		4320FFFA18BF9DA000C57983 /* InfoPlist.strings */ = {
			isa = PBXVariantGroup;
			children = (
				4320FFFB18BF9DA000C57983 /* en */,
			);
			name = InfoPlist.strings;
			sourceTree = "<group>";
		};
/* End PBXVariantGroup section */

/* Begin XCBuildConfiguration section */
		4320001818BF9DA000C57983 /* Debug */ = {
			isa = XCBuildConfiguration;
			buildSettings = {
				ALWAYS_SEARCH_USER_PATHS = NO;
				CLANG_CXX_LANGUAGE_STANDARD = "gnu++0x";
				CLANG_CXX_LIBRARY = "libc++";
				CLANG_ENABLE_MODULES = YES;
				CLANG_ENABLE_OBJC_ARC = YES;
				CLANG_WARN_BOOL_CONVERSION = YES;
				CLANG_WARN_CONSTANT_CONVERSION = YES;
				CLANG_WARN_DIRECT_OBJC_ISA_USAGE = YES_ERROR;
				CLANG_WARN_EMPTY_BODY = YES;
				CLANG_WARN_ENUM_CONVERSION = YES;
				CLANG_WARN_INT_CONVERSION = YES;
				CLANG_WARN_OBJC_ROOT_CLASS = YES_ERROR;
				CLANG_WARN__DUPLICATE_METHOD_MATCH = YES;
				"CODE_SIGN_IDENTITY[sdk=iphoneos*]" = "iPhone Developer";
				COPY_PHASE_STRIP = NO;
				GCC_C_LANGUAGE_STANDARD = gnu99;
				GCC_DYNAMIC_NO_PIC = NO;
				GCC_OPTIMIZATION_LEVEL = 0;
				GCC_PREPROCESSOR_DEFINITIONS = (
					"DEBUG=1",
					"$(inherited)",
				);
				GCC_SYMBOLS_PRIVATE_EXTERN = NO;
				GCC_WARN_64_TO_32_BIT_CONVERSION = YES;
				GCC_WARN_ABOUT_RETURN_TYPE = YES_ERROR;
				GCC_WARN_UNDECLARED_SELECTOR = YES;
				GCC_WARN_UNINITIALIZED_AUTOS = YES;
				GCC_WARN_UNUSED_FUNCTION = YES;
				GCC_WARN_UNUSED_VARIABLE = YES;
				IPHONEOS_DEPLOYMENT_TARGET = 7.0;
				ONLY_ACTIVE_ARCH = YES;
				SDKROOT = iphoneos;
			};
			name = Debug;
		};
		4320001918BF9DA000C57983 /* Release */ = {
			isa = XCBuildConfiguration;
			buildSettings = {
				ALWAYS_SEARCH_USER_PATHS = NO;
				CLANG_CXX_LANGUAGE_STANDARD = "gnu++0x";
				CLANG_CXX_LIBRARY = "libc++";
				CLANG_ENABLE_MODULES = YES;
				CLANG_ENABLE_OBJC_ARC = YES;
				CLANG_WARN_BOOL_CONVERSION = YES;
				CLANG_WARN_CONSTANT_CONVERSION = YES;
				CLANG_WARN_DIRECT_OBJC_ISA_USAGE = YES_ERROR;
				CLANG_WARN_EMPTY_BODY = YES;
				CLANG_WARN_ENUM_CONVERSION = YES;
				CLANG_WARN_INT_CONVERSION = YES;
				CLANG_WARN_OBJC_ROOT_CLASS = YES_ERROR;
				CLANG_WARN__DUPLICATE_METHOD_MATCH = YES;
				"CODE_SIGN_IDENTITY[sdk=iphoneos*]" = "iPhone Developer";
				COPY_PHASE_STRIP = YES;
				ENABLE_NS_ASSERTIONS = NO;
				GCC_C_LANGUAGE_STANDARD = gnu99;
				GCC_WARN_64_TO_32_BIT_CONVERSION = YES;
				GCC_WARN_ABOUT_RETURN_TYPE = YES_ERROR;
				GCC_WARN_UNDECLARED_SELECTOR = YES;
				GCC_WARN_UNINITIALIZED_AUTOS = YES;
				GCC_WARN_UNUSED_FUNCTION = YES;
				GCC_WARN_UNUSED_VARIABLE = YES;
				IPHONEOS_DEPLOYMENT_TARGET = 7.0;
				SDKROOT = iphoneos;
				VALIDATE_PRODUCT = YES;
			};
			name = Release;
		};
		4320001B18BF9DA000C57983 /* Debug */ = {
			isa = XCBuildConfiguration;
			buildSettings = {
				ASSETCATALOG_COMPILER_APPICON_NAME = AppIcon;
				ASSETCATALOG_COMPILER_LAUNCHIMAGE_NAME = LaunchImage;
				CLANG_ENABLE_OBJC_ARC = YES;
				FRAMEWORK_SEARCH_PATHS = (
					"$(inherited)",
					"$(SRCROOT)/../../",
					"$(SRCROOT)/../../vendor",
				);
				GCC_PRECOMPILE_PREFIX_HEADER = YES;
				GCC_PREFIX_HEADER = "MindMeldBrowser/MindMeldBrowser-Prefix.pch";
				INFOPLIST_FILE = "MindMeldBrowser/MindMeldBrowser-Info.plist";
				OTHER_LDFLAGS = "-ObjC";
				PRODUCT_NAME = MindMeldBrowser;
				WRAPPER_EXTENSION = app;
			};
			name = Debug;
		};
		4320001C18BF9DA000C57983 /* Release */ = {
			isa = XCBuildConfiguration;
			buildSettings = {
				ASSETCATALOG_COMPILER_APPICON_NAME = AppIcon;
				ASSETCATALOG_COMPILER_LAUNCHIMAGE_NAME = LaunchImage;
				CLANG_ENABLE_OBJC_ARC = YES;
				FRAMEWORK_SEARCH_PATHS = (
					"$(inherited)",
					"$(SRCROOT)/../../",
					"$(SRCROOT)/../../vendor",
				);
				GCC_PRECOMPILE_PREFIX_HEADER = YES;
				GCC_PREFIX_HEADER = "MindMeldBrowser/MindMeldBrowser-Prefix.pch";
				INFOPLIST_FILE = "MindMeldBrowser/MindMeldBrowser-Info.plist";
				OTHER_LDFLAGS = "-ObjC";
				PRODUCT_NAME = MindMeldBrowser;
				WRAPPER_EXTENSION = app;
			};
			name = Release;
		};
/* End XCBuildConfiguration section */

/* Begin XCConfigurationList section */
		4320001A18BF9DA000C57983 /* Build configuration list for PBXNativeTarget "MindMeldBrowser" */ = {
			isa = XCConfigurationList;
			buildConfigurations = (
				4320001B18BF9DA000C57983 /* Debug */,
				4320001C18BF9DA000C57983 /* Release */,
			);
			defaultConfigurationIsVisible = 0;
			defaultConfigurationName = Release;
		};
		4320FFE918BF9DA000C57983 /* Build configuration list for PBXProject "MindMeldBrowser" */ = {
			isa = XCConfigurationList;
			buildConfigurations = (
				4320001818BF9DA000C57983 /* Debug */,
				4320001918BF9DA000C57983 /* Release */,
			);
			defaultConfigurationIsVisible = 0;
			defaultConfigurationName = Release;
		};
/* End XCConfigurationList section */
	};
	rootObject = 4320FFE618BF9DA000C57983 /* Project object */;
}
