// !$*UTF8*$!
{
	archiveVersion = 1;
	classes = {
	};
	objectVersion = 46;
	objects = {

/* Begin PBXBuildFile section */
		28199FE21A647A8900893517 /* main.m in Sources */ = {isa = PBXBuildFile; fileRef = 28199FE11A647A8900893517 /* main.m */; };
		28199FE51A647A8900893517 /* AppDelegate.m in Sources */ = {isa = PBXBuildFile; fileRef = 28199FE41A647A8900893517 /* AppDelegate.m */; };
		28199FE81A647A8900893517 /* TravelBuddy.xcdatamodeld in Sources */ = {isa = PBXBuildFile; fileRef = 28199FE61A647A8900893517 /* TravelBuddy.xcdatamodeld */; };
		28199FEB1A647A8900893517 /* ViewController.m in Sources */ = {isa = PBXBuildFile; fileRef = 28199FEA1A647A8900893517 /* ViewController.m */; };
		28199FEE1A647A8900893517 /* Main.storyboard in Resources */ = {isa = PBXBuildFile; fileRef = 28199FEC1A647A8900893517 /* Main.storyboard */; };
		28199FF01A647A8900893517 /* Images.xcassets in Resources */ = {isa = PBXBuildFile; fileRef = 28199FEF1A647A8900893517 /* Images.xcassets */; };
		28199FF31A647A8900893517 /* LaunchScreen.xib in Resources */ = {isa = PBXBuildFile; fileRef = 28199FF11A647A8900893517 /* LaunchScreen.xib */; };
		28199FFF1A647A8900893517 /* TravelBuddyTests.m in Sources */ = {isa = PBXBuildFile; fileRef = 28199FFE1A647A8900893517 /* TravelBuddyTests.m */; };
		2819A00E1A6493C400893517 /* SidebarViewController.m in Sources */ = {isa = PBXBuildFile; fileRef = 2819A00D1A6493C400893517 /* SidebarViewController.m */; };
		2819A0111A64998B00893517 /* MenuViewController.m in Sources */ = {isa = PBXBuildFile; fileRef = 2819A0101A64998B00893517 /* MenuViewController.m */; };
		2B355315DD70CA387E2FFC39 /* libPods-TravelBuddy.a in Frameworks */ = {isa = PBXBuildFile; fileRef = 75450B174DA79AAB30740FA2 /* libPods-TravelBuddy.a */; };
/* End PBXBuildFile section */

/* Begin PBXContainerItemProxy section */
		28199FF91A647A8900893517 /* PBXContainerItemProxy */ = {
			isa = PBXContainerItemProxy;
			containerPortal = 28199FD41A647A8900893517 /* Project object */;
			proxyType = 1;
			remoteGlobalIDString = 28199FDB1A647A8900893517;
			remoteInfo = TravelBuddy;
		};
/* End PBXContainerItemProxy section */

/* Begin PBXFileReference section */
		28199FDC1A647A8900893517 /* TravelBuddy.app */ = {isa = PBXFileReference; explicitFileType = wrapper.application; includeInIndex = 0; path = TravelBuddy.app; sourceTree = BUILT_PRODUCTS_DIR; };
		28199FE01A647A8900893517 /* Info.plist */ = {isa = PBXFileReference; lastKnownFileType = text.plist.xml; path = Info.plist; sourceTree = "<group>"; };
		28199FE11A647A8900893517 /* main.m */ = {isa = PBXFileReference; lastKnownFileType = sourcecode.c.objc; path = main.m; sourceTree = "<group>"; };
		28199FE31A647A8900893517 /* AppDelegate.h */ = {isa = PBXFileReference; lastKnownFileType = sourcecode.c.h; path = AppDelegate.h; sourceTree = "<group>"; };
		28199FE41A647A8900893517 /* AppDelegate.m */ = {isa = PBXFileReference; lastKnownFileType = sourcecode.c.objc; path = AppDelegate.m; sourceTree = "<group>"; };
		28199FE71A647A8900893517 /* TravelBuddy.xcdatamodel */ = {isa = PBXFileReference; lastKnownFileType = wrapper.xcdatamodel; path = TravelBuddy.xcdatamodel; sourceTree = "<group>"; };
		28199FE91A647A8900893517 /* ViewController.h */ = {isa = PBXFileReference; lastKnownFileType = sourcecode.c.h; path = ViewController.h; sourceTree = "<group>"; };
		28199FEA1A647A8900893517 /* ViewController.m */ = {isa = PBXFileReference; lastKnownFileType = sourcecode.c.objc; path = ViewController.m; sourceTree = "<group>"; };
		28199FED1A647A8900893517 /* Base */ = {isa = PBXFileReference; lastKnownFileType = file.storyboard; name = Base; path = Base.lproj/Main.storyboard; sourceTree = "<group>"; };
		28199FEF1A647A8900893517 /* Images.xcassets */ = {isa = PBXFileReference; lastKnownFileType = folder.assetcatalog; path = Images.xcassets; sourceTree = "<group>"; };
		28199FF21A647A8900893517 /* Base */ = {isa = PBXFileReference; lastKnownFileType = file.xib; name = Base; path = Base.lproj/LaunchScreen.xib; sourceTree = "<group>"; };
		28199FF81A647A8900893517 /* TravelBuddyTests.xctest */ = {isa = PBXFileReference; explicitFileType = wrapper.cfbundle; includeInIndex = 0; path = TravelBuddyTests.xctest; sourceTree = BUILT_PRODUCTS_DIR; };
		28199FFD1A647A8900893517 /* Info.plist */ = {isa = PBXFileReference; lastKnownFileType = text.plist.xml; path = Info.plist; sourceTree = "<group>"; };
		28199FFE1A647A8900893517 /* TravelBuddyTests.m */ = {isa = PBXFileReference; lastKnownFileType = sourcecode.c.objc; path = TravelBuddyTests.m; sourceTree = "<group>"; };
		2819A00C1A6493C400893517 /* SidebarViewController.h */ = {isa = PBXFileReference; fileEncoding = 4; lastKnownFileType = sourcecode.c.h; path = SidebarViewController.h; sourceTree = "<group>"; };
		2819A00D1A6493C400893517 /* SidebarViewController.m */ = {isa = PBXFileReference; fileEncoding = 4; lastKnownFileType = sourcecode.c.objc; path = SidebarViewController.m; sourceTree = "<group>"; };
		2819A00F1A64998B00893517 /* MenuViewController.h */ = {isa = PBXFileReference; fileEncoding = 4; lastKnownFileType = sourcecode.c.h; path = MenuViewController.h; sourceTree = "<group>"; };
		2819A0101A64998B00893517 /* MenuViewController.m */ = {isa = PBXFileReference; fileEncoding = 4; lastKnownFileType = sourcecode.c.objc; path = MenuViewController.m; sourceTree = "<group>"; };
		6740931CD2F330882BCB8597 /* Pods-TravelBuddy.debug.xcconfig */ = {isa = PBXFileReference; includeInIndex = 1; lastKnownFileType = text.xcconfig; name = "Pods-TravelBuddy.debug.xcconfig"; path = "Pods/Target Support Files/Pods-TravelBuddy/Pods-TravelBuddy.debug.xcconfig"; sourceTree = "<group>"; };
		75450B174DA79AAB30740FA2 /* libPods-TravelBuddy.a */ = {isa = PBXFileReference; explicitFileType = archive.ar; includeInIndex = 0; path = "libPods-TravelBuddy.a"; sourceTree = BUILT_PRODUCTS_DIR; };
		B91DC6083F8FB82A73D3DC04 /* Pods-TravelBuddy.release.xcconfig */ = {isa = PBXFileReference; includeInIndex = 1; lastKnownFileType = text.xcconfig; name = "Pods-TravelBuddy.release.xcconfig"; path = "Pods/Target Support Files/Pods-TravelBuddy/Pods-TravelBuddy.release.xcconfig"; sourceTree = "<group>"; };
/* End PBXFileReference section */

/* Begin PBXFrameworksBuildPhase section */
		28199FD91A647A8900893517 /* Frameworks */ = {
			isa = PBXFrameworksBuildPhase;
			buildActionMask = 2147483647;
			files = (
				2B355315DD70CA387E2FFC39 /* libPods-TravelBuddy.a in Frameworks */,
			);
			runOnlyForDeploymentPostprocessing = 0;
		};
		28199FF51A647A8900893517 /* Frameworks */ = {
			isa = PBXFrameworksBuildPhase;
			buildActionMask = 2147483647;
			files = (
			);
			runOnlyForDeploymentPostprocessing = 0;
		};
/* End PBXFrameworksBuildPhase section */

/* Begin PBXGroup section */
		28199FD31A647A8900893517 = {
			isa = PBXGroup;
			children = (
				28199FDE1A647A8900893517 /* TravelBuddy */,
				28199FFB1A647A8900893517 /* TravelBuddyTests */,
				28199FDD1A647A8900893517 /* Products */,
				BDA9530B67519ABAFA243855 /* Pods */,
				8CB5A37412CF380EE77D9B17 /* Frameworks */,
			);
			sourceTree = "<group>";
		};
		28199FDD1A647A8900893517 /* Products */ = {
			isa = PBXGroup;
			children = (
				28199FDC1A647A8900893517 /* TravelBuddy.app */,
				28199FF81A647A8900893517 /* TravelBuddyTests.xctest */,
			);
			name = Products;
			sourceTree = "<group>";
		};
		28199FDE1A647A8900893517 /* TravelBuddy */ = {
			isa = PBXGroup;
			children = (
				28199FE31A647A8900893517 /* AppDelegate.h */,
				28199FE41A647A8900893517 /* AppDelegate.m */,
				2819A00B1A64915200893517 /* Controllers */,
				28199FEC1A647A8900893517 /* Main.storyboard */,
				28199FEF1A647A8900893517 /* Images.xcassets */,
				28199FF11A647A8900893517 /* LaunchScreen.xib */,
				28199FE61A647A8900893517 /* TravelBuddy.xcdatamodeld */,
				28199FDF1A647A8900893517 /* Supporting Files */,
			);
			path = TravelBuddy;
			sourceTree = "<group>";
		};
		28199FDF1A647A8900893517 /* Supporting Files */ = {
			isa = PBXGroup;
			children = (
				28199FE01A647A8900893517 /* Info.plist */,
				28199FE11A647A8900893517 /* main.m */,
			);
			name = "Supporting Files";
			sourceTree = "<group>";
		};
		28199FFB1A647A8900893517 /* TravelBuddyTests */ = {
			isa = PBXGroup;
			children = (
				28199FFE1A647A8900893517 /* TravelBuddyTests.m */,
				28199FFC1A647A8900893517 /* Supporting Files */,
			);
			path = TravelBuddyTests;
			sourceTree = "<group>";
		};
		28199FFC1A647A8900893517 /* Supporting Files */ = {
			isa = PBXGroup;
			children = (
				28199FFD1A647A8900893517 /* Info.plist */,
			);
			name = "Supporting Files";
			sourceTree = "<group>";
		};
		2819A00B1A64915200893517 /* Controllers */ = {
			isa = PBXGroup;
			children = (
				2819A00C1A6493C400893517 /* SidebarViewController.h */,
				2819A00D1A6493C400893517 /* SidebarViewController.m */,
				28199FE91A647A8900893517 /* ViewController.h */,
				28199FEA1A647A8900893517 /* ViewController.m */,
				2819A00F1A64998B00893517 /* MenuViewController.h */,
				2819A0101A64998B00893517 /* MenuViewController.m */,
			);
			name = Controllers;
			sourceTree = "<group>";
		};
		8CB5A37412CF380EE77D9B17 /* Frameworks */ = {
			isa = PBXGroup;
			children = (
				75450B174DA79AAB30740FA2 /* libPods-TravelBuddy.a */,
			);
			name = Frameworks;
			sourceTree = "<group>";
		};
		BDA9530B67519ABAFA243855 /* Pods */ = {
			isa = PBXGroup;
			children = (
				6740931CD2F330882BCB8597 /* Pods-TravelBuddy.debug.xcconfig */,
				B91DC6083F8FB82A73D3DC04 /* Pods-TravelBuddy.release.xcconfig */,
			);
			name = Pods;
			sourceTree = "<group>";
		};
/* End PBXGroup section */

/* Begin PBXNativeTarget section */
		28199FDB1A647A8900893517 /* TravelBuddy */ = {
			isa = PBXNativeTarget;
			buildConfigurationList = 2819A0021A647A8900893517 /* Build configuration list for PBXNativeTarget "TravelBuddy" */;
			buildPhases = (
				C50C8828EB0BEBF59E21E9FF /* Check Pods Manifest.lock */,
				28199FD81A647A8900893517 /* Sources */,
				28199FD91A647A8900893517 /* Frameworks */,
				28199FDA1A647A8900893517 /* Resources */,
				FD7850D1191AFD779C0DF465 /* Copy Pods Resources */,
			);
			buildRules = (
			);
			dependencies = (
			);
			name = TravelBuddy;
			productName = TravelBuddy;
			productReference = 28199FDC1A647A8900893517 /* TravelBuddy.app */;
			productType = "com.apple.product-type.application";
		};
		28199FF71A647A8900893517 /* TravelBuddyTests */ = {
			isa = PBXNativeTarget;
			buildConfigurationList = 2819A0051A647A8900893517 /* Build configuration list for PBXNativeTarget "TravelBuddyTests" */;
			buildPhases = (
				28199FF41A647A8900893517 /* Sources */,
				28199FF51A647A8900893517 /* Frameworks */,
				28199FF61A647A8900893517 /* Resources */,
			);
			buildRules = (
			);
			dependencies = (
				28199FFA1A647A8900893517 /* PBXTargetDependency */,
			);
			name = TravelBuddyTests;
			productName = TravelBuddyTests;
			productReference = 28199FF81A647A8900893517 /* TravelBuddyTests.xctest */;
			productType = "com.apple.product-type.bundle.unit-test";
		};
/* End PBXNativeTarget section */

/* Begin PBXProject section */
		28199FD41A647A8900893517 /* Project object */ = {
			isa = PBXProject;
			attributes = {
				LastUpgradeCheck = 0610;
				ORGANIZATIONNAME = "Expect Labs";
				TargetAttributes = {
					28199FDB1A647A8900893517 = {
						CreatedOnToolsVersion = 6.1.1;
					};
					28199FF71A647A8900893517 = {
						CreatedOnToolsVersion = 6.1.1;
						TestTargetID = 28199FDB1A647A8900893517;
					};
				};
			};
			buildConfigurationList = 28199FD71A647A8900893517 /* Build configuration list for PBXProject "TravelBuddy" */;
			compatibilityVersion = "Xcode 3.2";
			developmentRegion = English;
			hasScannedForEncodings = 0;
			knownRegions = (
				en,
				Base,
			);
			mainGroup = 28199FD31A647A8900893517;
			productRefGroup = 28199FDD1A647A8900893517 /* Products */;
			projectDirPath = "";
			projectRoot = "";
			targets = (
				28199FDB1A647A8900893517 /* TravelBuddy */,
				28199FF71A647A8900893517 /* TravelBuddyTests */,
			);
		};
/* End PBXProject section */

/* Begin PBXResourcesBuildPhase section */
		28199FDA1A647A8900893517 /* Resources */ = {
			isa = PBXResourcesBuildPhase;
			buildActionMask = 2147483647;
			files = (
				28199FEE1A647A8900893517 /* Main.storyboard in Resources */,
				28199FF31A647A8900893517 /* LaunchScreen.xib in Resources */,
				28199FF01A647A8900893517 /* Images.xcassets in Resources */,
			);
			runOnlyForDeploymentPostprocessing = 0;
		};
		28199FF61A647A8900893517 /* Resources */ = {
			isa = PBXResourcesBuildPhase;
			buildActionMask = 2147483647;
			files = (
			);
			runOnlyForDeploymentPostprocessing = 0;
		};
/* End PBXResourcesBuildPhase section */

/* Begin PBXShellScriptBuildPhase section */
		C50C8828EB0BEBF59E21E9FF /* Check Pods Manifest.lock */ = {
			isa = PBXShellScriptBuildPhase;
			buildActionMask = 2147483647;
			files = (
			);
			inputPaths = (
			);
			name = "Check Pods Manifest.lock";
			outputPaths = (
			);
			runOnlyForDeploymentPostprocessing = 0;
			shellPath = /bin/sh;
			shellScript = "diff \"${PODS_ROOT}/../Podfile.lock\" \"${PODS_ROOT}/Manifest.lock\" > /dev/null\nif [[ $? != 0 ]] ; then\n    cat << EOM\nerror: The sandbox is not in sync with the Podfile.lock. Run 'pod install' or update your CocoaPods installation.\nEOM\n    exit 1\nfi\n";
			showEnvVarsInLog = 0;
		};
		FD7850D1191AFD779C0DF465 /* Copy Pods Resources */ = {
			isa = PBXShellScriptBuildPhase;
			buildActionMask = 2147483647;
			files = (
			);
			inputPaths = (
			);
			name = "Copy Pods Resources";
			outputPaths = (
			);
			runOnlyForDeploymentPostprocessing = 0;
			shellPath = /bin/sh;
			shellScript = "\"${SRCROOT}/Pods/Target Support Files/Pods-TravelBuddy/Pods-TravelBuddy-resources.sh\"\n";
			showEnvVarsInLog = 0;
		};
/* End PBXShellScriptBuildPhase section */

/* Begin PBXSourcesBuildPhase section */
		28199FD81A647A8900893517 /* Sources */ = {
			isa = PBXSourcesBuildPhase;
			buildActionMask = 2147483647;
			files = (
				2819A00E1A6493C400893517 /* SidebarViewController.m in Sources */,
				2819A0111A64998B00893517 /* MenuViewController.m in Sources */,
				28199FE51A647A8900893517 /* AppDelegate.m in Sources */,
				28199FE81A647A8900893517 /* TravelBuddy.xcdatamodeld in Sources */,
				28199FEB1A647A8900893517 /* ViewController.m in Sources */,
				28199FE21A647A8900893517 /* main.m in Sources */,
			);
			runOnlyForDeploymentPostprocessing = 0;
		};
		28199FF41A647A8900893517 /* Sources */ = {
			isa = PBXSourcesBuildPhase;
			buildActionMask = 2147483647;
			files = (
				28199FFF1A647A8900893517 /* TravelBuddyTests.m in Sources */,
			);
			runOnlyForDeploymentPostprocessing = 0;
		};
/* End PBXSourcesBuildPhase section */

/* Begin PBXTargetDependency section */
		28199FFA1A647A8900893517 /* PBXTargetDependency */ = {
			isa = PBXTargetDependency;
			target = 28199FDB1A647A8900893517 /* TravelBuddy */;
			targetProxy = 28199FF91A647A8900893517 /* PBXContainerItemProxy */;
		};
/* End PBXTargetDependency section */

/* Begin PBXVariantGroup section */
		28199FEC1A647A8900893517 /* Main.storyboard */ = {
			isa = PBXVariantGroup;
			children = (
				28199FED1A647A8900893517 /* Base */,
			);
			name = Main.storyboard;
			sourceTree = "<group>";
		};
		28199FF11A647A8900893517 /* LaunchScreen.xib */ = {
			isa = PBXVariantGroup;
			children = (
				28199FF21A647A8900893517 /* Base */,
			);
			name = LaunchScreen.xib;
			sourceTree = "<group>";
		};
/* End PBXVariantGroup section */

/* Begin XCBuildConfiguration section */
		2819A0001A647A8900893517 /* Debug */ = {
			isa = XCBuildConfiguration;
			buildSettings = {
				ALWAYS_SEARCH_USER_PATHS = NO;
				CLANG_CXX_LANGUAGE_STANDARD = "gnu++0x";
				CLANG_CXX_LIBRARY = "libc++";
				CLANG_ENABLE_MODULES = YES;
				CLANG_ENABLE_OBJC_ARC = YES;
				CLANG_WARN_BOOL_CONVERSION = YES;
				CLANG_WARN_CONSTANT_CONVERSION = YES;
				CLANG_WARN_DIRECT_OBJC_ISA_USAGE = YES_ERROR;
				CLANG_WARN_EMPTY_BODY = YES;
				CLANG_WARN_ENUM_CONVERSION = YES;
				CLANG_WARN_INT_CONVERSION = YES;
				CLANG_WARN_OBJC_ROOT_CLASS = YES_ERROR;
				CLANG_WARN_UNREACHABLE_CODE = YES;
				CLANG_WARN__DUPLICATE_METHOD_MATCH = YES;
				"CODE_SIGN_IDENTITY[sdk=iphoneos*]" = "iPhone Developer";
				COPY_PHASE_STRIP = NO;
				ENABLE_STRICT_OBJC_MSGSEND = YES;
				GCC_C_LANGUAGE_STANDARD = gnu99;
				GCC_DYNAMIC_NO_PIC = NO;
				GCC_OPTIMIZATION_LEVEL = 0;
				GCC_PREPROCESSOR_DEFINITIONS = (
					"DEBUG=1",
					"$(inherited)",
				);
				GCC_SYMBOLS_PRIVATE_EXTERN = NO;
				GCC_WARN_64_TO_32_BIT_CONVERSION = YES;
				GCC_WARN_ABOUT_RETURN_TYPE = YES_ERROR;
				GCC_WARN_UNDECLARED_SELECTOR = YES;
				GCC_WARN_UNINITIALIZED_AUTOS = YES_AGGRESSIVE;
				GCC_WARN_UNUSED_FUNCTION = YES;
				GCC_WARN_UNUSED_VARIABLE = YES;
				IPHONEOS_DEPLOYMENT_TARGET = 8.1;
				MTL_ENABLE_DEBUG_INFO = YES;
				ONLY_ACTIVE_ARCH = YES;
				SDKROOT = iphoneos;
			};
			name = Debug;
		};
		2819A0011A647A8900893517 /* Release */ = {
			isa = XCBuildConfiguration;
			buildSettings = {
				ALWAYS_SEARCH_USER_PATHS = NO;
				CLANG_CXX_LANGUAGE_STANDARD = "gnu++0x";
				CLANG_CXX_LIBRARY = "libc++";
				CLANG_ENABLE_MODULES = YES;
				CLANG_ENABLE_OBJC_ARC = YES;
				CLANG_WARN_BOOL_CONVERSION = YES;
				CLANG_WARN_CONSTANT_CONVERSION = YES;
				CLANG_WARN_DIRECT_OBJC_ISA_USAGE = YES_ERROR;
				CLANG_WARN_EMPTY_BODY = YES;
				CLANG_WARN_ENUM_CONVERSION = YES;
				CLANG_WARN_INT_CONVERSION = YES;
				CLANG_WARN_OBJC_ROOT_CLASS = YES_ERROR;
				CLANG_WARN_UNREACHABLE_CODE = YES;
				CLANG_WARN__DUPLICATE_METHOD_MATCH = YES;
				"CODE_SIGN_IDENTITY[sdk=iphoneos*]" = "iPhone Developer";
				COPY_PHASE_STRIP = YES;
				ENABLE_NS_ASSERTIONS = NO;
				ENABLE_STRICT_OBJC_MSGSEND = YES;
				GCC_C_LANGUAGE_STANDARD = gnu99;
				GCC_WARN_64_TO_32_BIT_CONVERSION = YES;
				GCC_WARN_ABOUT_RETURN_TYPE = YES_ERROR;
				GCC_WARN_UNDECLARED_SELECTOR = YES;
				GCC_WARN_UNINITIALIZED_AUTOS = YES_AGGRESSIVE;
				GCC_WARN_UNUSED_FUNCTION = YES;
				GCC_WARN_UNUSED_VARIABLE = YES;
				IPHONEOS_DEPLOYMENT_TARGET = 8.1;
				MTL_ENABLE_DEBUG_INFO = NO;
				SDKROOT = iphoneos;
				VALIDATE_PRODUCT = YES;
			};
			name = Release;
		};
		2819A0031A647A8900893517 /* Debug */ = {
			isa = XCBuildConfiguration;
			baseConfigurationReference = 6740931CD2F330882BCB8597 /* Pods-TravelBuddy.debug.xcconfig */;
			buildSettings = {
				ASSETCATALOG_COMPILER_APPICON_NAME = AppIcon;
				INFOPLIST_FILE = TravelBuddy/Info.plist;
				LD_RUNPATH_SEARCH_PATHS = "$(inherited) @executable_path/Frameworks";
				PRODUCT_NAME = "$(TARGET_NAME)";
			};
			name = Debug;
		};
		2819A0041A647A8900893517 /* Release */ = {
			isa = XCBuildConfiguration;
			baseConfigurationReference = B91DC6083F8FB82A73D3DC04 /* Pods-TravelBuddy.release.xcconfig */;
			buildSettings = {
				ASSETCATALOG_COMPILER_APPICON_NAME = AppIcon;
				INFOPLIST_FILE = TravelBuddy/Info.plist;
				LD_RUNPATH_SEARCH_PATHS = "$(inherited) @executable_path/Frameworks";
				PRODUCT_NAME = "$(TARGET_NAME)";
			};
			name = Release;
		};
		2819A0061A647A8900893517 /* Debug */ = {
			isa = XCBuildConfiguration;
			buildSettings = {
				BUNDLE_LOADER = "$(TEST_HOST)";
				FRAMEWORK_SEARCH_PATHS = (
					"$(SDKROOT)/Developer/Library/Frameworks",
					"$(inherited)",
				);
				GCC_PREPROCESSOR_DEFINITIONS = (
					"DEBUG=1",
					"$(inherited)",
				);
				INFOPLIST_FILE = TravelBuddyTests/Info.plist;
				LD_RUNPATH_SEARCH_PATHS = "$(inherited) @executable_path/Frameworks @loader_path/Frameworks";
				PRODUCT_NAME = "$(TARGET_NAME)";
				TEST_HOST = "$(BUILT_PRODUCTS_DIR)/TravelBuddy.app/TravelBuddy";
			};
			name = Debug;
		};
		2819A0071A647A8900893517 /* Release */ = {
			isa = XCBuildConfiguration;
			buildSettings = {
				BUNDLE_LOADER = "$(TEST_HOST)";
				FRAMEWORK_SEARCH_PATHS = (
					"$(SDKROOT)/Developer/Library/Frameworks",
					"$(inherited)",
				);
				INFOPLIST_FILE = TravelBuddyTests/Info.plist;
				LD_RUNPATH_SEARCH_PATHS = "$(inherited) @executable_path/Frameworks @loader_path/Frameworks";
				PRODUCT_NAME = "$(TARGET_NAME)";
				TEST_HOST = "$(BUILT_PRODUCTS_DIR)/TravelBuddy.app/TravelBuddy";
			};
			name = Release;
		};
/* End XCBuildConfiguration section */

/* Begin XCConfigurationList section */
		28199FD71A647A8900893517 /* Build configuration list for PBXProject "TravelBuddy" */ = {
			isa = XCConfigurationList;
			buildConfigurations = (
				2819A0001A647A8900893517 /* Debug */,
				2819A0011A647A8900893517 /* Release */,
			);
			defaultConfigurationIsVisible = 0;
			defaultConfigurationName = Release;
		};
		2819A0021A647A8900893517 /* Build configuration list for PBXNativeTarget "TravelBuddy" */ = {
			isa = XCConfigurationList;
			buildConfigurations = (
				2819A0031A647A8900893517 /* Debug */,
				2819A0041A647A8900893517 /* Release */,
			);
			defaultConfigurationIsVisible = 0;
			defaultConfigurationName = Release;
		};
		2819A0051A647A8900893517 /* Build configuration list for PBXNativeTarget "TravelBuddyTests" */ = {
			isa = XCConfigurationList;
			buildConfigurations = (
				2819A0061A647A8900893517 /* Debug */,
				2819A0071A647A8900893517 /* Release */,
			);
			defaultConfigurationIsVisible = 0;
			defaultConfigurationName = Release;
		};
/* End XCConfigurationList section */

/* Begin XCVersionGroup section */
		28199FE61A647A8900893517 /* TravelBuddy.xcdatamodeld */ = {
			isa = XCVersionGroup;
			children = (
				28199FE71A647A8900893517 /* TravelBuddy.xcdatamodel */,
			);
			currentVersion = 28199FE71A647A8900893517 /* TravelBuddy.xcdatamodel */;
			path = TravelBuddy.xcdatamodeld;
			sourceTree = "<group>";
			versionGroupType = wrapper.xcdatamodel;
		};
/* End XCVersionGroup section */
	};
	rootObject = 28199FD41A647A8900893517 /* Project object */;
}
