// !$*UTF8*$!
{
	archiveVersion = 1;
	classes = {
	};
	objectVersion = 46;
	objects = {

/* Begin PBXBuildFile section */
		28057FCA19B6535E00F80190 /* FLAC.framework in Frameworks */ = {isa = PBXBuildFile; fileRef = 28057FC819B6535E00F80190 /* FLAC.framework */; };
		28057FCB19B6535E00F80190 /* Ogg.framework in Frameworks */ = {isa = PBXBuildFile; fileRef = 28057FC919B6535E00F80190 /* Ogg.framework */; };
		2805803319B6549E00F80190 /* MindMeldSDK.framework in Frameworks */ = {isa = PBXBuildFile; fileRef = 2805802F19B6549E00F80190 /* MindMeldSDK.framework */; };
		2861F6BA1A2005B2007F6D98 /* Images.xcassets in Resources */ = {isa = PBXBuildFile; fileRef = 2861F6B91A2005B2007F6D98 /* Images.xcassets */; };
		43442FF0182B15C5007D8A6E /* libicucore.dylib in Frameworks */ = {isa = PBXBuildFile; fileRef = 43442FEF182B15C5007D8A6E /* libicucore.dylib */; };
		43A5DDC8182B14B400CE5D3C /* CFNetwork.framework in Frameworks */ = {isa = PBXBuildFile; fileRef = 43A5DDC7182B14B400CE5D3C /* CFNetwork.framework */; };
		43A5DDCA182B150500CE5D3C /* Security.framework in Frameworks */ = {isa = PBXBuildFile; fileRef = 43A5DDC9182B150500CE5D3C /* Security.framework */; };
		43DE54E0185946C0000139A5 /* MM-api-logo.png in Resources */ = {isa = PBXBuildFile; fileRef = 43DE54DF185946C0000139A5 /* MM-api-logo.png */; };
		43F242B9182AF652006C1CAC /* UIKit.framework in Frameworks */ = {isa = PBXBuildFile; fileRef = 43F242B8182AF651006C1CAC /* UIKit.framework */; };
		43F242BB182AF652006C1CAC /* Foundation.framework in Frameworks */ = {isa = PBXBuildFile; fileRef = 43F242BA182AF652006C1CAC /* Foundation.framework */; };
		43F242BD182AF652006C1CAC /* CoreGraphics.framework in Frameworks */ = {isa = PBXBuildFile; fileRef = 43F242BC182AF652006C1CAC /* CoreGraphics.framework */; };
		43F242C3182AF652006C1CAC /* InfoPlist.strings in Resources */ = {isa = PBXBuildFile; fileRef = 43F242C1182AF652006C1CAC /* InfoPlist.strings */; };
		43F242C5182AF652006C1CAC /* main.m in Sources */ = {isa = PBXBuildFile; fileRef = 43F242C4182AF652006C1CAC /* main.m */; };
		43F242C9182AF652006C1CAC /* MMHelloWorldAppDelegate.m in Sources */ = {isa = PBXBuildFile; fileRef = 43F242C8182AF652006C1CAC /* MMHelloWorldAppDelegate.m */; };
		43F242CB182AF652006C1CAC /* Default.png in Resources */ = {isa = PBXBuildFile; fileRef = 43F242CA182AF652006C1CAC /* Default.png */; };
		43F242CD182AF652006C1CAC /* Default@2x.png in Resources */ = {isa = PBXBuildFile; fileRef = 43F242CC182AF652006C1CAC /* Default@2x.png */; };
		43F242CF182AF652006C1CAC /* Default-568h@2x.png in Resources */ = {isa = PBXBuildFile; fileRef = 43F242CE182AF652006C1CAC /* Default-568h@2x.png */; };
		43F242E0182AF775006C1CAC /* HelloWorldViewController.m in Sources */ = {isa = PBXBuildFile; fileRef = 43F242DE182AF775006C1CAC /* HelloWorldViewController.m */; };
		43F242E3182AF794006C1CAC /* HelloWorldView.m in Sources */ = {isa = PBXBuildFile; fileRef = 43F242E2182AF794006C1CAC /* HelloWorldView.m */; };
/* End PBXBuildFile section */

/* Begin PBXFileReference section */
		28057FC819B6535E00F80190 /* FLAC.framework */ = {isa = PBXFileReference; lastKnownFileType = wrapper.framework; path = FLAC.framework; sourceTree = "<group>"; };
		28057FC919B6535E00F80190 /* Ogg.framework */ = {isa = PBXFileReference; lastKnownFileType = wrapper.framework; path = Ogg.framework; sourceTree = "<group>"; };
		2805802F19B6549E00F80190 /* MindMeldSDK.framework */ = {isa = PBXFileReference; lastKnownFileType = wrapper.framework; name = MindMeldSDK.framework; path = ../..//MindMeldSDK.framework; sourceTree = "<group>"; };
		282C061E18D7AD570057B912 /* MMConstants.h */ = {isa = PBXFileReference; lastKnownFileType = sourcecode.c.h; name = MMConstants.h; path = ../MMConstants.h; sourceTree = "<group>"; };
		2861F6B91A2005B2007F6D98 /* Images.xcassets */ = {isa = PBXFileReference; lastKnownFileType = folder.assetcatalog; path = Images.xcassets; sourceTree = "<group>"; };
		43442FEF182B15C5007D8A6E /* libicucore.dylib */ = {isa = PBXFileReference; lastKnownFileType = "compiled.mach-o.dylib"; name = libicucore.dylib; path = usr/lib/libicucore.dylib; sourceTree = SDKROOT; };
		43A5DDC7182B14B400CE5D3C /* CFNetwork.framework */ = {isa = PBXFileReference; lastKnownFileType = wrapper.framework; name = CFNetwork.framework; path = System/Library/Frameworks/CFNetwork.framework; sourceTree = SDKROOT; };
		43A5DDC9182B150500CE5D3C /* Security.framework */ = {isa = PBXFileReference; lastKnownFileType = wrapper.framework; name = Security.framework; path = System/Library/Frameworks/Security.framework; sourceTree = SDKROOT; };
		43DE54DF185946C0000139A5 /* MM-api-logo.png */ = {isa = PBXFileReference; lastKnownFileType = image.png; path = "MM-api-logo.png"; sourceTree = "<group>"; };
		43F242B5182AF651006C1CAC /* MindMeldHelloWorld.app */ = {isa = PBXFileReference; explicitFileType = wrapper.application; includeInIndex = 0; path = MindMeldHelloWorld.app; sourceTree = BUILT_PRODUCTS_DIR; };
		43F242B8182AF651006C1CAC /* UIKit.framework */ = {isa = PBXFileReference; lastKnownFileType = wrapper.framework; name = UIKit.framework; path = System/Library/Frameworks/UIKit.framework; sourceTree = SDKROOT; };
		43F242BA182AF652006C1CAC /* Foundation.framework */ = {isa = PBXFileReference; lastKnownFileType = wrapper.framework; name = Foundation.framework; path = System/Library/Frameworks/Foundation.framework; sourceTree = SDKROOT; };
		43F242BC182AF652006C1CAC /* CoreGraphics.framework */ = {isa = PBXFileReference; lastKnownFileType = wrapper.framework; name = CoreGraphics.framework; path = System/Library/Frameworks/CoreGraphics.framework; sourceTree = SDKROOT; };
		43F242C0182AF652006C1CAC /* MindMeldHelloWorld-Info.plist */ = {isa = PBXFileReference; lastKnownFileType = text.plist.xml; path = "MindMeldHelloWorld-Info.plist"; sourceTree = "<group>"; };
		43F242C2182AF652006C1CAC /* en */ = {isa = PBXFileReference; lastKnownFileType = text.plist.strings; name = en; path = en.lproj/InfoPlist.strings; sourceTree = "<group>"; };
		43F242C4182AF652006C1CAC /* main.m */ = {isa = PBXFileReference; lastKnownFileType = sourcecode.c.objc; path = main.m; sourceTree = "<group>"; };
		43F242C6182AF652006C1CAC /* MindMeldHelloWorld-Prefix.pch */ = {isa = PBXFileReference; lastKnownFileType = sourcecode.c.h; path = "MindMeldHelloWorld-Prefix.pch"; sourceTree = "<group>"; };
		43F242C7182AF652006C1CAC /* MMHelloWorldAppDelegate.h */ = {isa = PBXFileReference; lastKnownFileType = sourcecode.c.h; path = MMHelloWorldAppDelegate.h; sourceTree = "<group>"; };
		43F242C8182AF652006C1CAC /* MMHelloWorldAppDelegate.m */ = {isa = PBXFileReference; lastKnownFileType = sourcecode.c.objc; path = MMHelloWorldAppDelegate.m; sourceTree = "<group>"; };
		43F242CA182AF652006C1CAC /* Default.png */ = {isa = PBXFileReference; lastKnownFileType = image.png; path = Default.png; sourceTree = "<group>"; };
		43F242CC182AF652006C1CAC /* Default@2x.png */ = {isa = PBXFileReference; lastKnownFileType = image.png; path = "Default@2x.png"; sourceTree = "<group>"; };
		43F242CE182AF652006C1CAC /* Default-568h@2x.png */ = {isa = PBXFileReference; lastKnownFileType = image.png; path = "Default-568h@2x.png"; sourceTree = "<group>"; };
		43F242DD182AF775006C1CAC /* HelloWorldViewController.h */ = {isa = PBXFileReference; fileEncoding = 4; lastKnownFileType = sourcecode.c.h; path = HelloWorldViewController.h; sourceTree = "<group>"; };
		43F242DE182AF775006C1CAC /* HelloWorldViewController.m */ = {isa = PBXFileReference; fileEncoding = 4; lastKnownFileType = sourcecode.c.objc; path = HelloWorldViewController.m; sourceTree = "<group>"; };
		43F242E1182AF794006C1CAC /* HelloWorldView.h */ = {isa = PBXFileReference; fileEncoding = 4; lastKnownFileType = sourcecode.c.h; path = HelloWorldView.h; sourceTree = "<group>"; };
		43F242E2182AF794006C1CAC /* HelloWorldView.m */ = {isa = PBXFileReference; fileEncoding = 4; lastKnownFileType = sourcecode.c.objc; path = HelloWorldView.m; sourceTree = "<group>"; };
/* End PBXFileReference section */

/* Begin PBXFrameworksBuildPhase section */
		43F242B2182AF651006C1CAC /* Frameworks */ = {
			isa = PBXFrameworksBuildPhase;
			buildActionMask = 2147483647;
			files = (
				28057FCA19B6535E00F80190 /* FLAC.framework in Frameworks */,
				2805803319B6549E00F80190 /* MindMeldSDK.framework in Frameworks */,
				43442FF0182B15C5007D8A6E /* libicucore.dylib in Frameworks */,
				28057FCB19B6535E00F80190 /* Ogg.framework in Frameworks */,
				43A5DDCA182B150500CE5D3C /* Security.framework in Frameworks */,
				43A5DDC8182B14B400CE5D3C /* CFNetwork.framework in Frameworks */,
				43F242B9182AF652006C1CAC /* UIKit.framework in Frameworks */,
				43F242BB182AF652006C1CAC /* Foundation.framework in Frameworks */,
				43F242BD182AF652006C1CAC /* CoreGraphics.framework in Frameworks */,
			);
			runOnlyForDeploymentPostprocessing = 0;
		};
/* End PBXFrameworksBuildPhase section */

/* Begin PBXGroup section */
		28057FC719B6535E00F80190 /* Vendor */ = {
			isa = PBXGroup;
			children = (
				28057FC819B6535E00F80190 /* FLAC.framework */,
				28057FC919B6535E00F80190 /* Ogg.framework */,
			);
			name = Vendor;
			path = ../../vendor;
			sourceTree = "<group>";
		};
		43DE54DE185946C0000139A5 /* Resources */ = {
			isa = PBXGroup;
			children = (
				2861F6B91A2005B2007F6D98 /* Images.xcassets */,
				43DE54DF185946C0000139A5 /* MM-api-logo.png */,
			);
			path = Resources;
			sourceTree = "<group>";
		};
		43F242AC182AF651006C1CAC = {
			isa = PBXGroup;
			children = (
				282C061E18D7AD570057B912 /* MMConstants.h */,
				2805802F19B6549E00F80190 /* MindMeldSDK.framework */,
				28057FC719B6535E00F80190 /* Vendor */,
				43F242BE182AF652006C1CAC /* MindMeldHelloWorld */,
				43F242B7182AF651006C1CAC /* Frameworks */,
				43F242B6182AF651006C1CAC /* Products */,
			);
			sourceTree = "<group>";
		};
		43F242B6182AF651006C1CAC /* Products */ = {
			isa = PBXGroup;
			children = (
				43F242B5182AF651006C1CAC /* MindMeldHelloWorld.app */,
			);
			name = Products;
			sourceTree = "<group>";
		};
		43F242B7182AF651006C1CAC /* Frameworks */ = {
			isa = PBXGroup;
			children = (
				43442FEF182B15C5007D8A6E /* libicucore.dylib */,
				43A5DDC9182B150500CE5D3C /* Security.framework */,
				43A5DDC7182B14B400CE5D3C /* CFNetwork.framework */,
				43F242B8182AF651006C1CAC /* UIKit.framework */,
				43F242BA182AF652006C1CAC /* Foundation.framework */,
				43F242BC182AF652006C1CAC /* CoreGraphics.framework */,
			);
			name = Frameworks;
			sourceTree = "<group>";
		};
		43F242BE182AF652006C1CAC /* MindMeldHelloWorld */ = {
			isa = PBXGroup;
			children = (
				43DE54DE185946C0000139A5 /* Resources */,
				43F242DC182AF775006C1CAC /* Controllers */,
				43F242DF182AF775006C1CAC /* Views */,
				43F242C7182AF652006C1CAC /* MMHelloWorldAppDelegate.h */,
				43F242C8182AF652006C1CAC /* MMHelloWorldAppDelegate.m */,
				43F242BF182AF652006C1CAC /* Supporting Files */,
			);
			path = MindMeldHelloWorld;
			sourceTree = "<group>";
		};
		43F242BF182AF652006C1CAC /* Supporting Files */ = {
			isa = PBXGroup;
			children = (
				43F242C0182AF652006C1CAC /* MindMeldHelloWorld-Info.plist */,
				43F242C1182AF652006C1CAC /* InfoPlist.strings */,
				43F242C4182AF652006C1CAC /* main.m */,
				43F242C6182AF652006C1CAC /* MindMeldHelloWorld-Prefix.pch */,
				43F242CA182AF652006C1CAC /* Default.png */,
				43F242CC182AF652006C1CAC /* Default@2x.png */,
				43F242CE182AF652006C1CAC /* Default-568h@2x.png */,
			);
			name = "Supporting Files";
			sourceTree = "<group>";
		};
		43F242DC182AF775006C1CAC /* Controllers */ = {
			isa = PBXGroup;
			children = (
				43F242DD182AF775006C1CAC /* HelloWorldViewController.h */,
				43F242DE182AF775006C1CAC /* HelloWorldViewController.m */,
			);
			path = Controllers;
			sourceTree = "<group>";
		};
		43F242DF182AF775006C1CAC /* Views */ = {
			isa = PBXGroup;
			children = (
				43F242E1182AF794006C1CAC /* HelloWorldView.h */,
				43F242E2182AF794006C1CAC /* HelloWorldView.m */,
			);
			path = Views;
			sourceTree = "<group>";
		};
/* End PBXGroup section */

/* Begin PBXNativeTarget section */
		43F242B4182AF651006C1CAC /* MindMeldHelloWorld */ = {
			isa = PBXNativeTarget;
			buildConfigurationList = 43F242D2182AF652006C1CAC /* Build configuration list for PBXNativeTarget "MindMeldHelloWorld" */;
			buildPhases = (
				43F242B1182AF651006C1CAC /* Sources */,
				43F242B2182AF651006C1CAC /* Frameworks */,
				43F242B3182AF651006C1CAC /* Resources */,
			);
			buildRules = (
			);
			dependencies = (
			);
			name = MindMeldHelloWorld;
			productName = MindMeldHelloWorld;
			productReference = 43F242B5182AF651006C1CAC /* MindMeldHelloWorld.app */;
			productType = "com.apple.product-type.application";
		};
/* End PBXNativeTarget section */

/* Begin PBXProject section */
		43F242AD182AF651006C1CAC /* Project object */ = {
			isa = PBXProject;
			attributes = {
				LastUpgradeCheck = 0610;
				ORGANIZATIONNAME = "Expect Labs";
			};
			buildConfigurationList = 43F242B0182AF651006C1CAC /* Build configuration list for PBXProject "MindMeldHelloWorld" */;
			compatibilityVersion = "Xcode 3.2";
			developmentRegion = English;
			hasScannedForEncodings = 0;
			knownRegions = (
				en,
			);
			mainGroup = 43F242AC182AF651006C1CAC;
			productRefGroup = 43F242B6182AF651006C1CAC /* Products */;
			projectDirPath = "";
			projectRoot = "";
			targets = (
				43F242B4182AF651006C1CAC /* MindMeldHelloWorld */,
			);
		};
/* End PBXProject section */

/* Begin PBXResourcesBuildPhase section */
		43F242B3182AF651006C1CAC /* Resources */ = {
			isa = PBXResourcesBuildPhase;
			buildActionMask = 2147483647;
			files = (
				43F242C3182AF652006C1CAC /* InfoPlist.strings in Resources */,
				43F242CB182AF652006C1CAC /* Default.png in Resources */,
				43F242CD182AF652006C1CAC /* Default@2x.png in Resources */,
				2861F6BA1A2005B2007F6D98 /* Images.xcassets in Resources */,
				43F242CF182AF652006C1CAC /* Default-568h@2x.png in Resources */,
				43DE54E0185946C0000139A5 /* MM-api-logo.png in Resources */,
			);
			runOnlyForDeploymentPostprocessing = 0;
		};
/* End PBXResourcesBuildPhase section */

/* Begin PBXSourcesBuildPhase section */
		43F242B1182AF651006C1CAC /* Sources */ = {
			isa = PBXSourcesBuildPhase;
			buildActionMask = 2147483647;
			files = (
				43F242C5182AF652006C1CAC /* main.m in Sources */,
				43F242C9182AF652006C1CAC /* MMHelloWorldAppDelegate.m in Sources */,
				43F242E0182AF775006C1CAC /* HelloWorldViewController.m in Sources */,
				43F242E3182AF794006C1CAC /* HelloWorldView.m in Sources */,
			);
			runOnlyForDeploymentPostprocessing = 0;
		};
/* End PBXSourcesBuildPhase section */

/* Begin PBXVariantGroup section */
		43F242C1182AF652006C1CAC /* InfoPlist.strings */ = {
			isa = PBXVariantGroup;
			children = (
				43F242C2182AF652006C1CAC /* en */,
			);
			name = InfoPlist.strings;
			sourceTree = "<group>";
		};
/* End PBXVariantGroup section */

/* Begin XCBuildConfiguration section */
		43F242D0182AF652006C1CAC /* Debug */ = {
			isa = XCBuildConfiguration;
			buildSettings = {
				ALWAYS_SEARCH_USER_PATHS = NO;
				CLANG_CXX_LANGUAGE_STANDARD = "gnu++0x";
				CLANG_CXX_LIBRARY = "libc++";
				CLANG_WARN_CONSTANT_CONVERSION = YES;
				CLANG_WARN_EMPTY_BODY = YES;
				CLANG_WARN_ENUM_CONVERSION = YES;
				CLANG_WARN_INT_CONVERSION = YES;
				CLANG_WARN__DUPLICATE_METHOD_MATCH = YES;
				CODE_SIGN_IDENTITY = "iPhone Developer";
				COPY_PHASE_STRIP = NO;
				GCC_C_LANGUAGE_STANDARD = gnu99;
				GCC_DYNAMIC_NO_PIC = NO;
				GCC_OPTIMIZATION_LEVEL = 0;
				GCC_PREPROCESSOR_DEFINITIONS = (
					"DEBUG=1",
					"$(inherited)",
				);
				GCC_SYMBOLS_PRIVATE_EXTERN = NO;
				GCC_WARN_ABOUT_RETURN_TYPE = YES;
				GCC_WARN_UNINITIALIZED_AUTOS = YES;
				GCC_WARN_UNUSED_VARIABLE = YES;
				IPHONEOS_DEPLOYMENT_TARGET = 6.1;
				ONLY_ACTIVE_ARCH = YES;
				PROVISIONING_PROFILE = "";
				SDKROOT = iphoneos;
			};
			name = Debug;
		};
		43F242D1182AF652006C1CAC /* Release */ = {
			isa = XCBuildConfiguration;
			buildSettings = {
				ALWAYS_SEARCH_USER_PATHS = NO;
				CLANG_CXX_LANGUAGE_STANDARD = "gnu++0x";
				CLANG_CXX_LIBRARY = "libc++";
				CLANG_WARN_CONSTANT_CONVERSION = YES;
				CLANG_WARN_EMPTY_BODY = YES;
				CLANG_WARN_ENUM_CONVERSION = YES;
				CLANG_WARN_INT_CONVERSION = YES;
				CLANG_WARN__DUPLICATE_METHOD_MATCH = YES;
				CODE_SIGN_IDENTITY = "iPhone Developer";
				COPY_PHASE_STRIP = YES;
				GCC_C_LANGUAGE_STANDARD = gnu99;
				GCC_WARN_ABOUT_RETURN_TYPE = YES;
				GCC_WARN_UNINITIALIZED_AUTOS = YES;
				GCC_WARN_UNUSED_VARIABLE = YES;
				IPHONEOS_DEPLOYMENT_TARGET = 6.1;
				OTHER_CFLAGS = "-DNS_BLOCK_ASSERTIONS=1";
				PROVISIONING_PROFILE = "";
				SDKROOT = iphoneos;
				VALIDATE_PRODUCT = YES;
			};
			name = Release;
		};
		43F242D3182AF652006C1CAC /* Debug */ = {
			isa = XCBuildConfiguration;
			buildSettings = {
				ASSETCATALOG_COMPILER_APPICON_NAME = AppIcon;
				ASSETCATALOG_COMPILER_LAUNCHIMAGE_NAME = LaunchImage;
				CLANG_ENABLE_OBJC_ARC = YES;
				CODE_SIGN_IDENTITY = "iPhone Developer";
				FRAMEWORK_SEARCH_PATHS = (
					"$(inherited)",
					"${SRCROOT}/../../vendor",
					"${SRCROOT}/../../",
				);
				GCC_PRECOMPILE_PREFIX_HEADER = YES;
				GCC_PREFIX_HEADER = "MindMeldHelloWorld/MindMeldHelloWorld-Prefix.pch";
				INFOPLIST_FILE = "MindMeldHelloWorld/MindMeldHelloWorld-Info.plist";
				IPHONEOS_DEPLOYMENT_TARGET = 6.1;
				LIBRARY_SEARCH_PATHS = "$(inherited)";
				OTHER_LDFLAGS = "-ObjC";
				PRODUCT_NAME = "$(TARGET_NAME)";
				PROVISIONING_PROFILE = "";
				TARGETED_DEVICE_FAMILY = "1,2";
				WRAPPER_EXTENSION = app;
			};
			name = Debug;
		};
		43F242D4182AF652006C1CAC /* Release */ = {
			isa = XCBuildConfiguration;
			buildSettings = {
				ASSETCATALOG_COMPILER_APPICON_NAME = AppIcon;
				ASSETCATALOG_COMPILER_LAUNCHIMAGE_NAME = LaunchImage;
				CLANG_ENABLE_OBJC_ARC = YES;
				CODE_SIGN_IDENTITY = "iPhone Developer";
				FRAMEWORK_SEARCH_PATHS = (
					"$(inherited)",
					"${SRCROOT}/../../vendor",
					"${SRCROOT}/../../",
				);
				GCC_PRECOMPILE_PREFIX_HEADER = YES;
				GCC_PREFIX_HEADER = "MindMeldHelloWorld/MindMeldHelloWorld-Prefix.pch";
				INFOPLIST_FILE = "MindMeldHelloWorld/MindMeldHelloWorld-Info.plist";
				IPHONEOS_DEPLOYMENT_TARGET = 6.1;
				LIBRARY_SEARCH_PATHS = "$(inherited)";
				OTHER_LDFLAGS = "-ObjC";
				PRODUCT_NAME = "$(TARGET_NAME)";
				PROVISIONING_PROFILE = "";
				TARGETED_DEVICE_FAMILY = "1,2";
				WRAPPER_EXTENSION = app;
			};
			name = Release;
		};
/* End XCBuildConfiguration section */

/* Begin XCConfigurationList section */
		43F242B0182AF651006C1CAC /* Build configuration list for PBXProject "MindMeldHelloWorld" */ = {
			isa = XCConfigurationList;
			buildConfigurations = (
				43F242D0182AF652006C1CAC /* Debug */,
				43F242D1182AF652006C1CAC /* Release */,
			);
			defaultConfigurationIsVisible = 0;
			defaultConfigurationName = Release;
		};
		43F242D2182AF652006C1CAC /* Build configuration list for PBXNativeTarget "MindMeldHelloWorld" */ = {
			isa = XCConfigurationList;
			buildConfigurations = (
				43F242D3182AF652006C1CAC /* Debug */,
				43F242D4182AF652006C1CAC /* Release */,
			);
			defaultConfigurationIsVisible = 0;
			defaultConfigurationName = Release;
		};
/* End XCConfigurationList section */
	};
	rootObject = 43F242AD182AF651006C1CAC /* Project object */;
}
